// !$*UTF8*$!
{
	archiveVersion = 1;
	classes = {
	};
	objectVersion = 56;
	objects = {

/* Begin PBXBuildFile section */
		BE77302B2968436E00F7252C /* AppDelegate.swift in Sources */ = {isa = PBXBuildFile; fileRef = BE77302A2968436E00F7252C /* AppDelegate.swift */; };
		BE77302D2968436E00F7252C /* SceneDelegate.swift in Sources */ = {isa = PBXBuildFile; fileRef = BE77302C2968436E00F7252C /* SceneDelegate.swift */; };
		BE7730342968436F00F7252C /* Assets.xcassets in Resources */ = {isa = PBXBuildFile; fileRef = BE7730332968436F00F7252C /* Assets.xcassets */; };
		BE7730372968436F00F7252C /* LaunchScreen.storyboard in Resources */ = {isa = PBXBuildFile; fileRef = BE7730352968436F00F7252C /* LaunchScreen.storyboard */; };
		BE7730412968455500F7252C /* LoginViewController.swift in Sources */ = {isa = PBXBuildFile; fileRef = BE7730402968455500F7252C /* LoginViewController.swift */; };
		BE7730432968456100F7252C /* LoginView.swift in Sources */ = {isa = PBXBuildFile; fileRef = BE7730422968456100F7252C /* LoginView.swift */; };
		BE773047296848A800F7252C /* Viewcode.swift in Sources */ = {isa = PBXBuildFile; fileRef = BE773046296848A800F7252C /* Viewcode.swift */; };
/* End PBXBuildFile section */

/* Begin PBXFileReference section */
		BE7730272968436E00F7252C /* fit-progress.app */ = {isa = PBXFileReference; explicitFileType = wrapper.application; includeInIndex = 0; path = "fit-progress.app"; sourceTree = BUILT_PRODUCTS_DIR; };
		BE77302A2968436E00F7252C /* AppDelegate.swift */ = {isa = PBXFileReference; lastKnownFileType = sourcecode.swift; path = AppDelegate.swift; sourceTree = "<group>"; };
		BE77302C2968436E00F7252C /* SceneDelegate.swift */ = {isa = PBXFileReference; lastKnownFileType = sourcecode.swift; path = SceneDelegate.swift; sourceTree = "<group>"; };
		BE7730332968436F00F7252C /* Assets.xcassets */ = {isa = PBXFileReference; lastKnownFileType = folder.assetcatalog; path = Assets.xcassets; sourceTree = "<group>"; };
		BE7730362968436F00F7252C /* Base */ = {isa = PBXFileReference; lastKnownFileType = file.storyboard; name = Base; path = Base.lproj/LaunchScreen.storyboard; sourceTree = "<group>"; };
		BE7730382968436F00F7252C /* Info.plist */ = {isa = PBXFileReference; lastKnownFileType = text.plist.xml; path = Info.plist; sourceTree = "<group>"; };
		BE7730402968455500F7252C /* LoginViewController.swift */ = {isa = PBXFileReference; lastKnownFileType = sourcecode.swift; path = LoginViewController.swift; sourceTree = "<group>"; };
		BE7730422968456100F7252C /* LoginView.swift */ = {isa = PBXFileReference; lastKnownFileType = sourcecode.swift; path = LoginView.swift; sourceTree = "<group>"; };
		BE773046296848A800F7252C /* Viewcode.swift */ = {isa = PBXFileReference; lastKnownFileType = sourcecode.swift; path = Viewcode.swift; sourceTree = "<group>"; };
/* End PBXFileReference section */

/* Begin PBXFrameworksBuildPhase section */
		BE7730242968436E00F7252C /* Frameworks */ = {
			isa = PBXFrameworksBuildPhase;
			buildActionMask = 2147483647;
			files = (
			);
			runOnlyForDeploymentPostprocessing = 0;
		};
/* End PBXFrameworksBuildPhase section */

/* Begin PBXGroup section */
		BE77301E2968436E00F7252C = {
			isa = PBXGroup;
			children = (
				BE7730292968436E00F7252C /* fit-progress */,
				BE7730282968436E00F7252C /* Products */,
			);
			sourceTree = "<group>";
		};
		BE7730282968436E00F7252C /* Products */ = {
			isa = PBXGroup;
			children = (
				BE7730272968436E00F7252C /* fit-progress.app */,
			);
			name = Products;
			sourceTree = "<group>";
		};
		BE7730292968436E00F7252C /* fit-progress */ = {
			isa = PBXGroup;
			children = (
				BE7730442968487000F7252C /* Protocols */,
				BE77303E2968453800F7252C /* Features */,
				BE77302A2968436E00F7252C /* AppDelegate.swift */,
				BE77302C2968436E00F7252C /* SceneDelegate.swift */,
				BE7730332968436F00F7252C /* Assets.xcassets */,
				BE7730352968436F00F7252C /* LaunchScreen.storyboard */,
				BE7730382968436F00F7252C /* Info.plist */,
			);
			path = "fit-progress";
			sourceTree = "<group>";
		};
		BE77303E2968453800F7252C /* Features */ = {
			isa = PBXGroup;
			children = (
				BE77303F2968454100F7252C /* Login */,
			);
			path = Features;
			sourceTree = "<group>";
		};
		BE77303F2968454100F7252C /* Login */ = {
			isa = PBXGroup;
			children = (
				BE7730402968455500F7252C /* LoginViewController.swift */,
				BE7730422968456100F7252C /* LoginView.swift */,
			);
			path = Login;
			sourceTree = "<group>";
		};
		BE7730442968487000F7252C /* Protocols */ = {
			isa = PBXGroup;
			children = (
				BE7730452968487700F7252C /* Viewcode */,
			);
			path = Protocols;
			sourceTree = "<group>";
		};
		BE7730452968487700F7252C /* Viewcode */ = {
			isa = PBXGroup;
			children = (
				BE773046296848A800F7252C /* Viewcode.swift */,
			);
			path = Viewcode;
			sourceTree = "<group>";
		};
/* End PBXGroup section */

/* Begin PBXNativeTarget section */
		BE7730262968436E00F7252C /* fit-progress */ = {
			isa = PBXNativeTarget;
			buildConfigurationList = BE77303B2968436F00F7252C /* Build configuration list for PBXNativeTarget "fit-progress" */;
			buildPhases = (
				BE7730232968436E00F7252C /* Sources */,
				BE7730242968436E00F7252C /* Frameworks */,
				BE7730252968436E00F7252C /* Resources */,
			);
			buildRules = (
			);
			dependencies = (
			);
			name = "fit-progress";
			productName = "fit-progress";
			productReference = BE7730272968436E00F7252C /* fit-progress.app */;
			productType = "com.apple.product-type.application";
		};
/* End PBXNativeTarget section */

/* Begin PBXProject section */
		BE77301F2968436E00F7252C /* Project object */ = {
			isa = PBXProject;
			attributes = {
				BuildIndependentTargetsInParallel = 1;
				LastSwiftUpdateCheck = 1420;
				LastUpgradeCheck = 1420;
				TargetAttributes = {
					BE7730262968436E00F7252C = {
						CreatedOnToolsVersion = 14.2;
					};
				};
			};
			buildConfigurationList = BE7730222968436E00F7252C /* Build configuration list for PBXProject "fit-progress" */;
			compatibilityVersion = "Xcode 14.0";
			developmentRegion = en;
			hasScannedForEncodings = 0;
			knownRegions = (
				en,
				Base,
			);
			mainGroup = BE77301E2968436E00F7252C;
			productRefGroup = BE7730282968436E00F7252C /* Products */;
			projectDirPath = "";
			projectRoot = "";
			targets = (
				BE7730262968436E00F7252C /* fit-progress */,
			);
		};
/* End PBXProject section */

/* Begin PBXResourcesBuildPhase section */
		BE7730252968436E00F7252C /* Resources */ = {
			isa = PBXResourcesBuildPhase;
			buildActionMask = 2147483647;
			files = (
				BE7730372968436F00F7252C /* LaunchScreen.storyboard in Resources */,
				BE7730342968436F00F7252C /* Assets.xcassets in Resources */,
			);
			runOnlyForDeploymentPostprocessing = 0;
		};
/* End PBXResourcesBuildPhase section */

/* Begin PBXSourcesBuildPhase section */
		BE7730232968436E00F7252C /* Sources */ = {
			isa = PBXSourcesBuildPhase;
			buildActionMask = 2147483647;
			files = (
				BE7730412968455500F7252C /* LoginViewController.swift in Sources */,
				BE77302B2968436E00F7252C /* AppDelegate.swift in Sources */,
				BE7730432968456100F7252C /* LoginView.swift in Sources */,
				BE77302D2968436E00F7252C /* SceneDelegate.swift in Sources */,
				BE773047296848A800F7252C /* Viewcode.swift in Sources */,
			);
			runOnlyForDeploymentPostprocessing = 0;
		};
/* End PBXSourcesBuildPhase section */

/* Begin PBXVariantGroup section */
		BE7730352968436F00F7252C /* LaunchScreen.storyboard */ = {
			isa = PBXVariantGroup;
			children = (
				BE7730362968436F00F7252C /* Base */,
			);
			name = LaunchScreen.storyboard;
			sourceTree = "<group>";
		};
/* End PBXVariantGroup section */

/* Begin XCBuildConfiguration section */
		BE7730392968436F00F7252C /* Debug */ = {
			isa = XCBuildConfiguration;
			buildSettings = {
				ALWAYS_SEARCH_USER_PATHS = NO;
				CLANG_ANALYZER_NONNULL = YES;
				CLANG_ANALYZER_NUMBER_OBJECT_CONVERSION = YES_AGGRESSIVE;
				CLANG_CXX_LANGUAGE_STANDARD = "gnu++20";
				CLANG_ENABLE_MODULES = YES;
				CLANG_ENABLE_OBJC_ARC = YES;
				CLANG_ENABLE_OBJC_WEAK = YES;
				CLANG_WARN_BLOCK_CAPTURE_AUTORELEASING = YES;
				CLANG_WARN_BOOL_CONVERSION = YES;
				CLANG_WARN_COMMA = YES;
				CLANG_WARN_CONSTANT_CONVERSION = YES;
				CLANG_WARN_DEPRECATED_OBJC_IMPLEMENTATIONS = YES;
				CLANG_WARN_DIRECT_OBJC_ISA_USAGE = YES_ERROR;
				CLANG_WARN_DOCUMENTATION_COMMENTS = YES;
				CLANG_WARN_EMPTY_BODY = YES;
				CLANG_WARN_ENUM_CONVERSION = YES;
				CLANG_WARN_INFINITE_RECURSION = YES;
				CLANG_WARN_INT_CONVERSION = YES;
				CLANG_WARN_NON_LITERAL_NULL_CONVERSION = YES;
				CLANG_WARN_OBJC_IMPLICIT_RETAIN_SELF = YES;
				CLANG_WARN_OBJC_LITERAL_CONVERSION = YES;
				CLANG_WARN_OBJC_ROOT_CLASS = YES_ERROR;
				CLANG_WARN_QUOTED_INCLUDE_IN_FRAMEWORK_HEADER = YES;
				CLANG_WARN_RANGE_LOOP_ANALYSIS = YES;
				CLANG_WARN_STRICT_PROTOTYPES = YES;
				CLANG_WARN_SUSPICIOUS_MOVE = YES;
				CLANG_WARN_UNGUARDED_AVAILABILITY = YES_AGGRESSIVE;
				CLANG_WARN_UNREACHABLE_CODE = YES;
				CLANG_WARN__DUPLICATE_METHOD_MATCH = YES;
				COPY_PHASE_STRIP = NO;
				DEBUG_INFORMATION_FORMAT = dwarf;
				ENABLE_STRICT_OBJC_MSGSEND = YES;
				ENABLE_TESTABILITY = YES;
				GCC_C_LANGUAGE_STANDARD = gnu11;
				GCC_DYNAMIC_NO_PIC = NO;
				GCC_NO_COMMON_BLOCKS = YES;
				GCC_OPTIMIZATION_LEVEL = 0;
				GCC_PREPROCESSOR_DEFINITIONS = (
					"DEBUG=1",
					"$(inherited)",
				);
				GCC_WARN_64_TO_32_BIT_CONVERSION = YES;
				GCC_WARN_ABOUT_RETURN_TYPE = YES_ERROR;
				GCC_WARN_UNDECLARED_SELECTOR = YES;
				GCC_WARN_UNINITIALIZED_AUTOS = YES_AGGRESSIVE;
				GCC_WARN_UNUSED_FUNCTION = YES;
				GCC_WARN_UNUSED_VARIABLE = YES;
				IPHONEOS_DEPLOYMENT_TARGET = 16.2;
				MTL_ENABLE_DEBUG_INFO = INCLUDE_SOURCE;
				MTL_FAST_MATH = YES;
				ONLY_ACTIVE_ARCH = YES;
				SDKROOT = iphoneos;
				SWIFT_ACTIVE_COMPILATION_CONDITIONS = DEBUG;
				SWIFT_OPTIMIZATION_LEVEL = "-Onone";
			};
			name = Debug;
		};
		BE77303A2968436F00F7252C /* Release */ = {
			isa = XCBuildConfiguration;
			buildSettings = {
				ALWAYS_SEARCH_USER_PATHS = NO;
				CLANG_ANALYZER_NONNULL = YES;
				CLANG_ANALYZER_NUMBER_OBJECT_CONVERSION = YES_AGGRESSIVE;
				CLANG_CXX_LANGUAGE_STANDARD = "gnu++20";
				CLANG_ENABLE_MODULES = YES;
				CLANG_ENABLE_OBJC_ARC = YES;
				CLANG_ENABLE_OBJC_WEAK = YES;
				CLANG_WARN_BLOCK_CAPTURE_AUTORELEASING = YES;
				CLANG_WARN_BOOL_CONVERSION = YES;
				CLANG_WARN_COMMA = YES;
				CLANG_WARN_CONSTANT_CONVERSION = YES;
				CLANG_WARN_DEPRECATED_OBJC_IMPLEMENTATIONS = YES;
				CLANG_WARN_DIRECT_OBJC_ISA_USAGE = YES_ERROR;
				CLANG_WARN_DOCUMENTATION_COMMENTS = YES;
				CLANG_WARN_EMPTY_BODY = YES;
				CLANG_WARN_ENUM_CONVERSION = YES;
				CLANG_WARN_INFINITE_RECURSION = YES;
				CLANG_WARN_INT_CONVERSION = YES;
				CLANG_WARN_NON_LITERAL_NULL_CONVERSION = YES;
				CLANG_WARN_OBJC_IMPLICIT_RETAIN_SELF = YES;
				CLANG_WARN_OBJC_LITERAL_CONVERSION = YES;
				CLANG_WARN_OBJC_ROOT_CLASS = YES_ERROR;
				CLANG_WARN_QUOTED_INCLUDE_IN_FRAMEWORK_HEADER = YES;
				CLANG_WARN_RANGE_LOOP_ANALYSIS = YES;
				CLANG_WARN_STRICT_PROTOTYPES = YES;
				CLANG_WARN_SUSPICIOUS_MOVE = YES;
				CLANG_WARN_UNGUARDED_AVAILABILITY = YES_AGGRESSIVE;
				CLANG_WARN_UNREACHABLE_CODE = YES;
				CLANG_WARN__DUPLICATE_METHOD_MATCH = YES;
				COPY_PHASE_STRIP = NO;
				DEBUG_INFORMATION_FORMAT = "dwarf-with-dsym";
				ENABLE_NS_ASSERTIONS = NO;
				ENABLE_STRICT_OBJC_MSGSEND = YES;
				GCC_C_LANGUAGE_STANDARD = gnu11;
				GCC_NO_COMMON_BLOCKS = YES;
				GCC_WARN_64_TO_32_BIT_CONVERSION = YES;
				GCC_WARN_ABOUT_RETURN_TYPE = YES_ERROR;
				GCC_WARN_UNDECLARED_SELECTOR = YES;
				GCC_WARN_UNINITIALIZED_AUTOS = YES_AGGRESSIVE;
				GCC_WARN_UNUSED_FUNCTION = YES;
				GCC_WARN_UNUSED_VARIABLE = YES;
				IPHONEOS_DEPLOYMENT_TARGET = 16.2;
				MTL_ENABLE_DEBUG_INFO = NO;
				MTL_FAST_MATH = YES;
				SDKROOT = iphoneos;
				SWIFT_COMPILATION_MODE = wholemodule;
				SWIFT_OPTIMIZATION_LEVEL = "-O";
				VALIDATE_PRODUCT = YES;
			};
			name = Release;
		};
		BE77303C2968436F00F7252C /* Debug */ = {
			isa = XCBuildConfiguration;
			buildSettings = {
				ASSETCATALOG_COMPILER_APPICON_NAME = AppIcon;
				ASSETCATALOG_COMPILER_GLOBAL_ACCENT_COLOR_NAME = AccentColor;
				CODE_SIGN_STYLE = Automatic;
				CURRENT_PROJECT_VERSION = 1;
				DEVELOPMENT_TEAM = PM3M64CY8Z;
				GENERATE_INFOPLIST_FILE = YES;
				INFOPLIST_FILE = "fit-progress/Info.plist";
				INFOPLIST_KEY_UIApplicationSupportsIndirectInputEvents = YES;
				INFOPLIST_KEY_UILaunchStoryboardName = LaunchScreen;
				INFOPLIST_KEY_UIMainStoryboardFile = "";
				INFOPLIST_KEY_UISupportedInterfaceOrientations_iPad = "UIInterfaceOrientationPortrait UIInterfaceOrientationPortraitUpsideDown UIInterfaceOrientationLandscapeLeft UIInterfaceOrientationLandscapeRight";
				INFOPLIST_KEY_UISupportedInterfaceOrientations_iPhone = "UIInterfaceOrientationPortrait UIInterfaceOrientationLandscapeLeft UIInterfaceOrientationLandscapeRight";
				LD_RUNPATH_SEARCH_PATHS = (
					"$(inherited)",
					"@executable_path/Frameworks",
				);
				MARKETING_VERSION = 1.0;
				PRODUCT_BUNDLE_IDENTIFIER = "devbrunolopes.fit-progress";
				PRODUCT_NAME = "$(TARGET_NAME)";
				SWIFT_EMIT_LOC_STRINGS = YES;
				SWIFT_VERSION = 5.0;
				TARGETED_DEVICE_FAMILY = "1,2";
			};
			name = Debug;
		};
		BE77303D2968436F00F7252C /* Release */ = {
			isa = XCBuildConfiguration;
			buildSettings = {
				ASSETCATALOG_COMPILER_APPICON_NAME = AppIcon;
				ASSETCATALOG_COMPILER_GLOBAL_ACCENT_COLOR_NAME = AccentColor;
				CODE_SIGN_STYLE = Automatic;
				CURRENT_PROJECT_VERSION = 1;
				DEVELOPMENT_TEAM = PM3M64CY8Z;
				GENERATE_INFOPLIST_FILE = YES;
				INFOPLIST_FILE = "fit-progress/Info.plist";
				INFOPLIST_KEY_UIApplicationSupportsIndirectInputEvents = YES;
				INFOPLIST_KEY_UILaunchStoryboardName = LaunchScreen;
				INFOPLIST_KEY_UIMainStoryboardFile = "";
				INFOPLIST_KEY_UISupportedInterfaceOrientations_iPad = "UIInterfaceOrientationPortrait UIInterfaceOrientationPortraitUpsideDown UIInterfaceOrientationLandscapeLeft UIInterfaceOrientationLandscapeRight";
				INFOPLIST_KEY_UISupportedInterfaceOrientations_iPhone = "UIInterfaceOrientationPortrait UIInterfaceOrientationLandscapeLeft UIInterfaceOrientationLandscapeRight";
				LD_RUNPATH_SEARCH_PATHS = (
					"$(inherited)",
					"@executable_path/Frameworks",
				);
				MARKETING_VERSION = 1.0;
				PRODUCT_BUNDLE_IDENTIFIER = "devbrunolopes.fit-progress";
				PRODUCT_NAME = "$(TARGET_NAME)";
				SWIFT_EMIT_LOC_STRINGS = YES;
				SWIFT_VERSION = 5.0;
				TARGETED_DEVICE_FAMILY = "1,2";
			};
			name = Release;
		};
/* End XCBuildConfiguration section */

/* Begin XCConfigurationList section */
		BE7730222968436E00F7252C /* Build configuration list for PBXProject "fit-progress" */ = {
			isa = XCConfigurationList;
			buildConfigurations = (
				BE7730392968436F00F7252C /* Debug */,
				BE77303A2968436F00F7252C /* Release */,
			);
			defaultConfigurationIsVisible = 0;
			defaultConfigurationName = Release;
		};
		BE77303B2968436F00F7252C /* Build configuration list for PBXNativeTarget "fit-progress" */ = {
			isa = XCConfigurationList;
			buildConfigurations = (
				BE77303C2968436F00F7252C /* Debug */,
				BE77303D2968436F00F7252C /* Release */,
			);
			defaultConfigurationIsVisible = 0;
			defaultConfigurationName = Release;
		};
/* End XCConfigurationList section */
	};
	rootObject = BE77301F2968436E00F7252C /* Project object */;
}
